
Microsoft Visual Studio Solution File, Format Version 12.00
# Visual Studio Version 16
VisualStudioVersion = 16.0.29215.179
MinimumVisualStudioVersion = 10.0.40219.1
Project("{9A19103F-16F7-4668-BE54-9A1E7A4F7556}") = "Infrastructure", "Infrastructure\Infrastructure.csproj", "{66A4E759-6A58-46C1-9328-6F7CBD14339A}"
EndProject
Project("{9A19103F-16F7-4668-BE54-9A1E7A4F7556}") = "Core.Tests", "Core.Tests\Core.Tests.csproj", "{C96C370F-D3A4-43CB-8ABC-C0F68B1927E2}"
EndProject
Project("{9A19103F-16F7-4668-BE54-9A1E7A4F7556}") = "UI", "UI\UI.csproj", "{71EDF757-D9B9-42D4-8084-72F8B9FCC31D}"
EndProject
Project("{9A19103F-16F7-4668-BE54-9A1E7A4F7556}") = "Core", "Core\Core.csproj", "{D964DC71-8896-44D7-91B0-6DC81D5DB7CC}"
EndProject
Global
	GlobalSection(SolutionConfigurationPlatforms) = preSolution
		Debug|Any CPU = Debug|Any CPU
		Release|Any CPU = Release|Any CPU
	EndGlobalSection
	GlobalSection(ProjectConfigurationPlatforms) = postSolution
		{66A4E759-6A58-46C1-9328-6F7CBD14339A}.Debug|Any CPU.ActiveCfg = Debug|Any CPU
		{66A4E759-6A58-46C1-9328-6F7CBD14339A}.Debug|Any CPU.Build.0 = Debug|Any CPU
		{66A4E759-6A58-46C1-9328-6F7CBD14339A}.Release|Any CPU.ActiveCfg = Release|Any CPU
		{66A4E759-6A58-46C1-9328-6F7CBD14339A}.Release|Any CPU.Build.0 = Release|Any CPU
		{C96C370F-D3A4-43CB-8ABC-C0F68B1927E2}.Debug|Any CPU.ActiveCfg = Debug|Any CPU
		{C96C370F-D3A4-43CB-8ABC-C0F68B1927E2}.Debug|Any CPU.Build.0 = Debug|Any CPU
		{C96C370F-D3A4-43CB-8ABC-C0F68B1927E2}.Release|Any CPU.ActiveCfg = Release|Any CPU
		{C96C370F-D3A4-43CB-8ABC-C0F68B1927E2}.Release|Any CPU.Build.0 = Release|Any CPU
		{71EDF757-D9B9-42D4-8084-72F8B9FCC31D}.Debug|Any CPU.ActiveCfg = Debug|Any CPU
		{71EDF757-D9B9-42D4-8084-72F8B9FCC31D}.Debug|Any CPU.Build.0 = Debug|Any CPU
		{71EDF757-D9B9-42D4-8084-72F8B9FCC31D}.Release|Any CPU.ActiveCfg = Release|Any CPU
		{71EDF757-D9B9-42D4-8084-72F8B9FCC31D}.Release|Any CPU.Build.0 = Release|Any CPU
		{D964DC71-8896-44D7-91B0-6DC81D5DB7CC}.Debug|Any CPU.ActiveCfg = Debug|Any CPU
		{D964DC71-8896-44D7-91B0-6DC81D5DB7CC}.Debug|Any CPU.Build.0 = Debug|Any CPU
		{D964DC71-8896-44D7-91B0-6DC81D5DB7CC}.Release|Any CPU.ActiveCfg = Release|Any CPU
		{D964DC71-8896-44D7-91B0-6DC81D5DB7CC}.Release|Any CPU.Build.0 = Release|Any CPU
	EndGlobalSection
	GlobalSection(SolutionProperties) = preSolution
		HideSolutionNode = FALSE
	EndGlobalSection
	GlobalSection(ExtensibilityGlobals) = postSolution
		SolutionGuid = {FFC46942-4C95-47D9-B2DD-01274EFC3487}
	EndGlobalSection
EndGlobal
